// !$*UTF8*$!
{
	archiveVersion = 1;
	classes = {
	};
	objectVersion = 50;
	objects = {

/* Begin PBXBuildFile section */
		0D78660226DE0CAF000786D2 /* AppDelegate.swift in Sources */ = {isa = PBXBuildFile; fileRef = 0D78660126DE0CAF000786D2 /* AppDelegate.swift */; };
		0D78660426DE0CAF000786D2 /* SceneDelegate.swift in Sources */ = {isa = PBXBuildFile; fileRef = 0D78660326DE0CAF000786D2 /* SceneDelegate.swift */; };
		0D78660626DE0CAF000786D2 /* ViewController.swift in Sources */ = {isa = PBXBuildFile; fileRef = 0D78660526DE0CAF000786D2 /* ViewController.swift */; };
		0D78660926DE0CAF000786D2 /* Main.storyboard in Resources */ = {isa = PBXBuildFile; fileRef = 0D78660726DE0CAF000786D2 /* Main.storyboard */; };
		0D78660B26DE0CB0000786D2 /* Assets.xcassets in Resources */ = {isa = PBXBuildFile; fileRef = 0D78660A26DE0CB0000786D2 /* Assets.xcassets */; };
		0D78660E26DE0CB0000786D2 /* LaunchScreen.storyboard in Resources */ = {isa = PBXBuildFile; fileRef = 0D78660C26DE0CB0000786D2 /* LaunchScreen.storyboard */; };
		0D78661926DE0CB1000786D2 /* DemoAppTests.swift in Sources */ = {isa = PBXBuildFile; fileRef = 0D78661826DE0CB1000786D2 /* DemoAppTests.swift */; };
		0D78662426DE0CB1000786D2 /* DemoAppUITests.swift in Sources */ = {isa = PBXBuildFile; fileRef = 0D78662326DE0CB1000786D2 /* DemoAppUITests.swift */; };
/* End PBXBuildFile section */

/* Begin PBXContainerItemProxy section */
		0D78661526DE0CB1000786D2 /* PBXContainerItemProxy */ = {
			isa = PBXContainerItemProxy;
			containerPortal = 0D7865F626DE0CAF000786D2 /* Project object */;
			proxyType = 1;
			remoteGlobalIDString = 0D7865FD26DE0CAF000786D2;
			remoteInfo = DemoApp;
		};
		0D78662026DE0CB1000786D2 /* PBXContainerItemProxy */ = {
			isa = PBXContainerItemProxy;
			containerPortal = 0D7865F626DE0CAF000786D2 /* Project object */;
			proxyType = 1;
			remoteGlobalIDString = 0D7865FD26DE0CAF000786D2;
			remoteInfo = DemoApp;
		};
/* End PBXContainerItemProxy section */

/* Begin PBXFileReference section */
		0D7865FE26DE0CAF000786D2 /* DemoApp.app */ = {isa = PBXFileReference; explicitFileType = wrapper.application; includeInIndex = 0; path = DemoApp.app; sourceTree = BUILT_PRODUCTS_DIR; };
		0D78660126DE0CAF000786D2 /* AppDelegate.swift */ = {isa = PBXFileReference; lastKnownFileType = sourcecode.swift; path = AppDelegate.swift; sourceTree = "<group>"; };
		0D78660326DE0CAF000786D2 /* SceneDelegate.swift */ = {isa = PBXFileReference; lastKnownFileType = sourcecode.swift; path = SceneDelegate.swift; sourceTree = "<group>"; };
		0D78660526DE0CAF000786D2 /* ViewController.swift */ = {isa = PBXFileReference; lastKnownFileType = sourcecode.swift; path = ViewController.swift; sourceTree = "<group>"; };
		0D78660826DE0CAF000786D2 /* Base */ = {isa = PBXFileReference; lastKnownFileType = file.storyboard; name = Base; path = Base.lproj/Main.storyboard; sourceTree = "<group>"; };
		0D78660A26DE0CB0000786D2 /* Assets.xcassets */ = {isa = PBXFileReference; lastKnownFileType = folder.assetcatalog; path = Assets.xcassets; sourceTree = "<group>"; };
		0D78660D26DE0CB0000786D2 /* Base */ = {isa = PBXFileReference; lastKnownFileType = file.storyboard; name = Base; path = Base.lproj/LaunchScreen.storyboard; sourceTree = "<group>"; };
		0D78660F26DE0CB0000786D2 /* Info.plist */ = {isa = PBXFileReference; lastKnownFileType = text.plist.xml; path = Info.plist; sourceTree = "<group>"; };
		0D78661426DE0CB1000786D2 /* DemoAppTests.xctest */ = {isa = PBXFileReference; explicitFileType = wrapper.cfbundle; includeInIndex = 0; path = DemoAppTests.xctest; sourceTree = BUILT_PRODUCTS_DIR; };
		0D78661826DE0CB1000786D2 /* DemoAppTests.swift */ = {isa = PBXFileReference; lastKnownFileType = sourcecode.swift; path = DemoAppTests.swift; sourceTree = "<group>"; };
		0D78661A26DE0CB1000786D2 /* Info.plist */ = {isa = PBXFileReference; lastKnownFileType = text.plist.xml; path = Info.plist; sourceTree = "<group>"; };
		0D78661F26DE0CB1000786D2 /* DemoAppUITests.xctest */ = {isa = PBXFileReference; explicitFileType = wrapper.cfbundle; includeInIndex = 0; path = DemoAppUITests.xctest; sourceTree = BUILT_PRODUCTS_DIR; };
		0D78662326DE0CB1000786D2 /* DemoAppUITests.swift */ = {isa = PBXFileReference; lastKnownFileType = sourcecode.swift; path = DemoAppUITests.swift; sourceTree = "<group>"; };
		0D78662526DE0CB1000786D2 /* Info.plist */ = {isa = PBXFileReference; lastKnownFileType = text.plist.xml; path = Info.plist; sourceTree = "<group>"; };
/* End PBXFileReference section */

/* Begin PBXFrameworksBuildPhase section */
		0D7865FB26DE0CAF000786D2 /* Frameworks */ = {
			isa = PBXFrameworksBuildPhase;
			buildActionMask = 2147483647;
			files = (
			);
			runOnlyForDeploymentPostprocessing = 0;
		};
		0D78661126DE0CB1000786D2 /* Frameworks */ = {
			isa = PBXFrameworksBuildPhase;
			buildActionMask = 2147483647;
			files = (
			);
			runOnlyForDeploymentPostprocessing = 0;
		};
		0D78661C26DE0CB1000786D2 /* Frameworks */ = {
			isa = PBXFrameworksBuildPhase;
			buildActionMask = 2147483647;
			files = (
			);
			runOnlyForDeploymentPostprocessing = 0;
		};
/* End PBXFrameworksBuildPhase section */

/* Begin PBXGroup section */
		0D7865F526DE0CAF000786D2 = {
			isa = PBXGroup;
			children = (
				0D78660026DE0CAF000786D2 /* DemoApp */,
				0D78661726DE0CB1000786D2 /* DemoAppTests */,
				0D78662226DE0CB1000786D2 /* DemoAppUITests */,
				0D7865FF26DE0CAF000786D2 /* Products */,
			);
			sourceTree = "<group>";
		};
		0D7865FF26DE0CAF000786D2 /* Products */ = {
			isa = PBXGroup;
			children = (
				0D7865FE26DE0CAF000786D2 /* DemoApp.app */,
				0D78661426DE0CB1000786D2 /* DemoAppTests.xctest */,
				0D78661F26DE0CB1000786D2 /* DemoAppUITests.xctest */,
			);
			name = Products;
			sourceTree = "<group>";
		};
		0D78660026DE0CAF000786D2 /* DemoApp */ = {
			isa = PBXGroup;
			children = (
				0D78660126DE0CAF000786D2 /* AppDelegate.swift */,
				0D78660326DE0CAF000786D2 /* SceneDelegate.swift */,
				0D78660526DE0CAF000786D2 /* ViewController.swift */,
				0D78660726DE0CAF000786D2 /* Main.storyboard */,
				0D78660A26DE0CB0000786D2 /* Assets.xcassets */,
				0D78660C26DE0CB0000786D2 /* LaunchScreen.storyboard */,
				0D78660F26DE0CB0000786D2 /* Info.plist */,
			);
			path = DemoApp;
			sourceTree = "<group>";
		};
		0D78661726DE0CB1000786D2 /* DemoAppTests */ = {
			isa = PBXGroup;
			children = (
				0D78661826DE0CB1000786D2 /* DemoAppTests.swift */,
				0D78661A26DE0CB1000786D2 /* Info.plist */,
			);
			path = DemoAppTests;
			sourceTree = "<group>";
		};
		0D78662226DE0CB1000786D2 /* DemoAppUITests */ = {
			isa = PBXGroup;
			children = (
				0D78662326DE0CB1000786D2 /* DemoAppUITests.swift */,
				0D78662526DE0CB1000786D2 /* Info.plist */,
			);
			path = DemoAppUITests;
			sourceTree = "<group>";
		};
/* End PBXGroup section */

/* Begin PBXNativeTarget section */
		0D7865FD26DE0CAF000786D2 /* DemoApp */ = {
			isa = PBXNativeTarget;
			buildConfigurationList = 0D78662826DE0CB1000786D2 /* Build configuration list for PBXNativeTarget "DemoApp" */;
			buildPhases = (
				0D7865FA26DE0CAF000786D2 /* Sources */,
				0D7865FB26DE0CAF000786D2 /* Frameworks */,
				0D7865FC26DE0CAF000786D2 /* Resources */,
			);
			buildRules = (
			);
			dependencies = (
			);
			name = DemoApp;
			productName = DemoApp;
			productReference = 0D7865FE26DE0CAF000786D2 /* DemoApp.app */;
			productType = "com.apple.product-type.application";
		};
		0D78661326DE0CB1000786D2 /* DemoAppTests */ = {
			isa = PBXNativeTarget;
			buildConfigurationList = 0D78662B26DE0CB1000786D2 /* Build configuration list for PBXNativeTarget "DemoAppTests" */;
			buildPhases = (
				0D78661026DE0CB1000786D2 /* Sources */,
				0D78661126DE0CB1000786D2 /* Frameworks */,
				0D78661226DE0CB1000786D2 /* Resources */,
			);
			buildRules = (
			);
			dependencies = (
				0D78661626DE0CB1000786D2 /* PBXTargetDependency */,
			);
			name = DemoAppTests;
			productName = DemoAppTests;
			productReference = 0D78661426DE0CB1000786D2 /* DemoAppTests.xctest */;
			productType = "com.apple.product-type.bundle.unit-test";
		};
		0D78661E26DE0CB1000786D2 /* DemoAppUITests */ = {
			isa = PBXNativeTarget;
			buildConfigurationList = 0D78662E26DE0CB1000786D2 /* Build configuration list for PBXNativeTarget "DemoAppUITests" */;
			buildPhases = (
				0D78661B26DE0CB1000786D2 /* Sources */,
				0D78661C26DE0CB1000786D2 /* Frameworks */,
				0D78661D26DE0CB1000786D2 /* Resources */,
			);
			buildRules = (
			);
			dependencies = (
				0D78662126DE0CB1000786D2 /* PBXTargetDependency */,
			);
			name = DemoAppUITests;
			productName = DemoAppUITests;
			productReference = 0D78661F26DE0CB1000786D2 /* DemoAppUITests.xctest */;
			productType = "com.apple.product-type.bundle.ui-testing";
		};
/* End PBXNativeTarget section */

/* Begin PBXProject section */
		0D7865F626DE0CAF000786D2 /* Project object */ = {
			isa = PBXProject;
			attributes = {
				LastSwiftUpdateCheck = 1220;
				LastUpgradeCheck = 1220;
				TargetAttributes = {
					0D7865FD26DE0CAF000786D2 = {
						CreatedOnToolsVersion = 12.2;
					};
					0D78661326DE0CB1000786D2 = {
						CreatedOnToolsVersion = 12.2;
						TestTargetID = 0D7865FD26DE0CAF000786D2;
					};
					0D78661E26DE0CB1000786D2 = {
						CreatedOnToolsVersion = 12.2;
						TestTargetID = 0D7865FD26DE0CAF000786D2;
					};
				};
			};
			buildConfigurationList = 0D7865F926DE0CAF000786D2 /* Build configuration list for PBXProject "DemoApp" */;
			compatibilityVersion = "Xcode 9.3";
			developmentRegion = en;
			hasScannedForEncodings = 0;
			knownRegions = (
				en,
				Base,
			);
			mainGroup = 0D7865F526DE0CAF000786D2;
			productRefGroup = 0D7865FF26DE0CAF000786D2 /* Products */;
			projectDirPath = "";
			projectRoot = "";
			targets = (
				0D7865FD26DE0CAF000786D2 /* DemoApp */,
				0D78661326DE0CB1000786D2 /* DemoAppTests */,
				0D78661E26DE0CB1000786D2 /* DemoAppUITests */,
			);
		};
/* End PBXProject section */

/* Begin PBXResourcesBuildPhase section */
		0D7865FC26DE0CAF000786D2 /* Resources */ = {
			isa = PBXResourcesBuildPhase;
			buildActionMask = 2147483647;
			files = (
				0D78660E26DE0CB0000786D2 /* LaunchScreen.storyboard in Resources */,
				0D78660B26DE0CB0000786D2 /* Assets.xcassets in Resources */,
				0D78660926DE0CAF000786D2 /* Main.storyboard in Resources */,
			);
			runOnlyForDeploymentPostprocessing = 0;
		};
		0D78661226DE0CB1000786D2 /* Resources */ = {
			isa = PBXResourcesBuildPhase;
			buildActionMask = 2147483647;
			files = (
			);
			runOnlyForDeploymentPostprocessing = 0;
		};
		0D78661D26DE0CB1000786D2 /* Resources */ = {
			isa = PBXResourcesBuildPhase;
			buildActionMask = 2147483647;
			files = (
			);
			runOnlyForDeploymentPostprocessing = 0;
		};
/* End PBXResourcesBuildPhase section */

/* Begin PBXSourcesBuildPhase section */
		0D7865FA26DE0CAF000786D2 /* Sources */ = {
			isa = PBXSourcesBuildPhase;
			buildActionMask = 2147483647;
			files = (
				0D78660626DE0CAF000786D2 /* ViewController.swift in Sources */,
				0D78660226DE0CAF000786D2 /* AppDelegate.swift in Sources */,
				0D78660426DE0CAF000786D2 /* SceneDelegate.swift in Sources */,
			);
			runOnlyForDeploymentPostprocessing = 0;
		};
		0D78661026DE0CB1000786D2 /* Sources */ = {
			isa = PBXSourcesBuildPhase;
			buildActionMask = 2147483647;
			files = (
				0D78661926DE0CB1000786D2 /* DemoAppTests.swift in Sources */,
			);
			runOnlyForDeploymentPostprocessing = 0;
		};
		0D78661B26DE0CB1000786D2 /* Sources */ = {
			isa = PBXSourcesBuildPhase;
			buildActionMask = 2147483647;
			files = (
				0D78662426DE0CB1000786D2 /* DemoAppUITests.swift in Sources */,
			);
			runOnlyForDeploymentPostprocessing = 0;
		};
/* End PBXSourcesBuildPhase section */

/* Begin PBXTargetDependency section */
		0D78661626DE0CB1000786D2 /* PBXTargetDependency */ = {
			isa = PBXTargetDependency;
			target = 0D7865FD26DE0CAF000786D2 /* DemoApp */;
			targetProxy = 0D78661526DE0CB1000786D2 /* PBXContainerItemProxy */;
		};
		0D78662126DE0CB1000786D2 /* PBXTargetDependency */ = {
			isa = PBXTargetDependency;
			target = 0D7865FD26DE0CAF000786D2 /* DemoApp */;
			targetProxy = 0D78662026DE0CB1000786D2 /* PBXContainerItemProxy */;
		};
/* End PBXTargetDependency section */

/* Begin PBXVariantGroup section */
		0D78660726DE0CAF000786D2 /* Main.storyboard */ = {
			isa = PBXVariantGroup;
			children = (
				0D78660826DE0CAF000786D2 /* Base */,
			);
			name = Main.storyboard;
			sourceTree = "<group>";
		};
		0D78660C26DE0CB0000786D2 /* LaunchScreen.storyboard */ = {
			isa = PBXVariantGroup;
			children = (
				0D78660D26DE0CB0000786D2 /* Base */,
			);
			name = LaunchScreen.storyboard;
			sourceTree = "<group>";
		};
/* End PBXVariantGroup section */

/* Begin XCBuildConfiguration section */
		0D78662626DE0CB1000786D2 /* Debug */ = {
			isa = XCBuildConfiguration;
			buildSettings = {
				ALWAYS_SEARCH_USER_PATHS = NO;
				CLANG_ANALYZER_NONNULL = YES;
				CLANG_ANALYZER_NUMBER_OBJECT_CONVERSION = YES_AGGRESSIVE;
				CLANG_CXX_LANGUAGE_STANDARD = "gnu++14";
				CLANG_CXX_LIBRARY = "libc++";
				CLANG_ENABLE_MODULES = YES;
				CLANG_ENABLE_OBJC_ARC = YES;
				CLANG_ENABLE_OBJC_WEAK = YES;
				CLANG_WARN_BLOCK_CAPTURE_AUTORELEASING = YES;
				CLANG_WARN_BOOL_CONVERSION = YES;
				CLANG_WARN_COMMA = YES;
				CLANG_WARN_CONSTANT_CONVERSION = YES;
				CLANG_WARN_DEPRECATED_OBJC_IMPLEMENTATIONS = YES;
				CLANG_WARN_DIRECT_OBJC_ISA_USAGE = YES_ERROR;
				CLANG_WARN_DOCUMENTATION_COMMENTS = YES;
				CLANG_WARN_EMPTY_BODY = YES;
				CLANG_WARN_ENUM_CONVERSION = YES;
				CLANG_WARN_INFINITE_RECURSION = YES;
				CLANG_WARN_INT_CONVERSION = YES;
				CLANG_WARN_NON_LITERAL_NULL_CONVERSION = YES;
				CLANG_WARN_OBJC_IMPLICIT_RETAIN_SELF = YES;
				CLANG_WARN_OBJC_LITERAL_CONVERSION = YES;
				CLANG_WARN_OBJC_ROOT_CLASS = YES_ERROR;
				CLANG_WARN_QUOTED_INCLUDE_IN_FRAMEWORK_HEADER = YES;
				CLANG_WARN_RANGE_LOOP_ANALYSIS = YES;
				CLANG_WARN_STRICT_PROTOTYPES = YES;
				CLANG_WARN_SUSPICIOUS_MOVE = YES;
				CLANG_WARN_UNGUARDED_AVAILABILITY = YES_AGGRESSIVE;
				CLANG_WARN_UNREACHABLE_CODE = YES;
				CLANG_WARN__DUPLICATE_METHOD_MATCH = YES;
				COPY_PHASE_STRIP = NO;
				DEBUG_INFORMATION_FORMAT = dwarf;
				ENABLE_STRICT_OBJC_MSGSEND = YES;
				ENABLE_TESTABILITY = YES;
				GCC_C_LANGUAGE_STANDARD = gnu11;
				GCC_DYNAMIC_NO_PIC = NO;
				GCC_NO_COMMON_BLOCKS = YES;
				GCC_OPTIMIZATION_LEVEL = 0;
				GCC_PREPROCESSOR_DEFINITIONS = (
					"DEBUG=1",
					"$(inherited)",
				);
				GCC_WARN_64_TO_32_BIT_CONVERSION = YES;
				GCC_WARN_ABOUT_RETURN_TYPE = YES_ERROR;
				GCC_WARN_UNDECLARED_SELECTOR = YES;
				GCC_WARN_UNINITIALIZED_AUTOS = YES_AGGRESSIVE;
				GCC_WARN_UNUSED_FUNCTION = YES;
				GCC_WARN_UNUSED_VARIABLE = YES;
				IPHONEOS_DEPLOYMENT_TARGET = 14.2;
				MTL_ENABLE_DEBUG_INFO = INCLUDE_SOURCE;
				MTL_FAST_MATH = YES;
				ONLY_ACTIVE_ARCH = YES;
				SDKROOT = iphoneos;
				SWIFT_ACTIVE_COMPILATION_CONDITIONS = DEBUG;
				SWIFT_OPTIMIZATION_LEVEL = "-Onone";
			};
			name = Debug;
		};
		0D78662726DE0CB1000786D2 /* Release */ = {
			isa = XCBuildConfiguration;
			buildSettings = {
				ALWAYS_SEARCH_USER_PATHS = NO;
				CLANG_ANALYZER_NONNULL = YES;
				CLANG_ANALYZER_NUMBER_OBJECT_CONVERSION = YES_AGGRESSIVE;
				CLANG_CXX_LANGUAGE_STANDARD = "gnu++14";
				CLANG_CXX_LIBRARY = "libc++";
				CLANG_ENABLE_MODULES = YES;
				CLANG_ENABLE_OBJC_ARC = YES;
				CLANG_ENABLE_OBJC_WEAK = YES;
				CLANG_WARN_BLOCK_CAPTURE_AUTORELEASING = YES;
				CLANG_WARN_BOOL_CONVERSION = YES;
				CLANG_WARN_COMMA = YES;
				CLANG_WARN_CONSTANT_CONVERSION = YES;
				CLANG_WARN_DEPRECATED_OBJC_IMPLEMENTATIONS = YES;
				CLANG_WARN_DIRECT_OBJC_ISA_USAGE = YES_ERROR;
				CLANG_WARN_DOCUMENTATION_COMMENTS = YES;
				CLANG_WARN_EMPTY_BODY = YES;
				CLANG_WARN_ENUM_CONVERSION = YES;
				CLANG_WARN_INFINITE_RECURSION = YES;
				CLANG_WARN_INT_CONVERSION = YES;
				CLANG_WARN_NON_LITERAL_NULL_CONVERSION = YES;
				CLANG_WARN_OBJC_IMPLICIT_RETAIN_SELF = YES;
				CLANG_WARN_OBJC_LITERAL_CONVERSION = YES;
				CLANG_WARN_OBJC_ROOT_CLASS = YES_ERROR;
				CLANG_WARN_QUOTED_INCLUDE_IN_FRAMEWORK_HEADER = YES;
				CLANG_WARN_RANGE_LOOP_ANALYSIS = YES;
				CLANG_WARN_STRICT_PROTOTYPES = YES;
				CLANG_WARN_SUSPICIOUS_MOVE = YES;
				CLANG_WARN_UNGUARDED_AVAILABILITY = YES_AGGRESSIVE;
				CLANG_WARN_UNREACHABLE_CODE = YES;
				CLANG_WARN__DUPLICATE_METHOD_MATCH = YES;
				COPY_PHASE_STRIP = NO;
				DEBUG_INFORMATION_FORMAT = "dwarf-with-dsym";
				ENABLE_NS_ASSERTIONS = NO;
				ENABLE_STRICT_OBJC_MSGSEND = YES;
				GCC_C_LANGUAGE_STANDARD = gnu11;
				GCC_NO_COMMON_BLOCKS = YES;
				GCC_WARN_64_TO_32_BIT_CONVERSION = YES;
				GCC_WARN_ABOUT_RETURN_TYPE = YES_ERROR;
				GCC_WARN_UNDECLARED_SELECTOR = YES;
				GCC_WARN_UNINITIALIZED_AUTOS = YES_AGGRESSIVE;
				GCC_WARN_UNUSED_FUNCTION = YES;
				GCC_WARN_UNUSED_VARIABLE = YES;
				IPHONEOS_DEPLOYMENT_TARGET = 14.2;
				MTL_ENABLE_DEBUG_INFO = NO;
				MTL_FAST_MATH = YES;
				SDKROOT = iphoneos;
				SWIFT_COMPILATION_MODE = wholemodule;
				SWIFT_OPTIMIZATION_LEVEL = "-O";
				VALIDATE_PRODUCT = YES;
			};
			name = Release;
		};
		0D78662926DE0CB1000786D2 /* Debug */ = {
			isa = XCBuildConfiguration;
			buildSettings = {
				ASSETCATALOG_COMPILER_APPICON_NAME = AppIcon;
				ASSETCATALOG_COMPILER_GLOBAL_ACCENT_COLOR_NAME = AccentColor;
				CODE_SIGN_STYLE = Automatic;
				INFOPLIST_FILE = DemoApp/Info.plist;
				LD_RUNPATH_SEARCH_PATHS = (
					"$(inherited)",
					"@executable_path/Frameworks",
				);
				PRODUCT_BUNDLE_IDENTIFIER = com.wwdc.DemoApp;
				PRODUCT_NAME = "$(TARGET_NAME)";
				SWIFT_VERSION = 5.0;
				TARGETED_DEVICE_FAMILY = "1,2";
			};
			name = Debug;
		};
		0D78662A26DE0CB1000786D2 /* Release */ = {
			isa = XCBuildConfiguration;
			buildSettings = {
				ASSETCATALOG_COMPILER_APPICON_NAME = AppIcon;
				ASSETCATALOG_COMPILER_GLOBAL_ACCENT_COLOR_NAME = AccentColor;
				CODE_SIGN_STYLE = Automatic;
				INFOPLIST_FILE = DemoApp/Info.plist;
				LD_RUNPATH_SEARCH_PATHS = (
					"$(inherited)",
					"@executable_path/Frameworks",
				);
				PRODUCT_BUNDLE_IDENTIFIER = com.wwdc.DemoApp;
				PRODUCT_NAME = "$(TARGET_NAME)";
				SWIFT_VERSION = 5.0;
				TARGETED_DEVICE_FAMILY = "1,2";
			};
			name = Release;
		};
		0D78662C26DE0CB1000786D2 /* Debug */ = {
			isa = XCBuildConfiguration;
			buildSettings = {
				ALWAYS_EMBED_SWIFT_STANDARD_LIBRARIES = YES;
				BUNDLE_LOADER = "$(TEST_HOST)";
				CODE_SIGN_STYLE = Automatic;
				INFOPLIST_FILE = DemoAppTests/Info.plist;
				IPHONEOS_DEPLOYMENT_TARGET = 14.2;
				LD_RUNPATH_SEARCH_PATHS = (
					"$(inherited)",
					"@executable_path/Frameworks",
					"@loader_path/Frameworks",
				);
				PRODUCT_BUNDLE_IDENTIFIER = com.wwdc.DemoAppTests;
				PRODUCT_NAME = "$(TARGET_NAME)";
				SWIFT_VERSION = 5.0;
				TARGETED_DEVICE_FAMILY = "1,2";
				TEST_HOST = "$(BUILT_PRODUCTS_DIR)/DemoApp.app/DemoApp";
			};
			name = Debug;
		};
		0D78662D26DE0CB1000786D2 /* Release */ = {
			isa = XCBuildConfiguration;
			buildSettings = {
				ALWAYS_EMBED_SWIFT_STANDARD_LIBRARIES = YES;
				BUNDLE_LOADER = "$(TEST_HOST)";
				CODE_SIGN_STYLE = Automatic;
				INFOPLIST_FILE = DemoAppTests/Info.plist;
				IPHONEOS_DEPLOYMENT_TARGET = 14.2;
				LD_RUNPATH_SEARCH_PATHS = (
					"$(inherited)",
					"@executable_path/Frameworks",
					"@loader_path/Frameworks",
				);
				PRODUCT_BUNDLE_IDENTIFIER = com.wwdc.DemoAppTests;
				PRODUCT_NAME = "$(TARGET_NAME)";
				SWIFT_VERSION = 5.0;
				TARGETED_DEVICE_FAMILY = "1,2";
				TEST_HOST = "$(BUILT_PRODUCTS_DIR)/DemoApp.app/DemoApp";
			};
			name = Release;
		};
		0D78662F26DE0CB1000786D2 /* Debug */ = {
			isa = XCBuildConfiguration;
			buildSettings = {
				ALWAYS_EMBED_SWIFT_STANDARD_LIBRARIES = YES;
				CODE_SIGN_STYLE = Automatic;
				INFOPLIST_FILE = DemoAppUITests/Info.plist;
				LD_RUNPATH_SEARCH_PATHS = (
					"$(inherited)",
					"@executable_path/Frameworks",
					"@loader_path/Frameworks",
				);
				PRODUCT_BUNDLE_IDENTIFIER = com.wwdc.DemoAppUITests;
				PRODUCT_NAME = "$(TARGET_NAME)";
				SWIFT_VERSION = 5.0;
				TARGETED_DEVICE_FAMILY = "1,2";
				TEST_TARGET_NAME = DemoApp;
			};
			name = Debug;
		};
		0D78663026DE0CB1000786D2 /* Release */ = {
			isa = XCBuildConfiguration;
			buildSettings = {
				ALWAYS_EMBED_SWIFT_STANDARD_LIBRARIES = YES;
				CODE_SIGN_STYLE = Automatic;
				INFOPLIST_FILE = DemoAppUITests/Info.plist;
				LD_RUNPATH_SEARCH_PATHS = (
					"$(inherited)",
					"@executable_path/Frameworks",
					"@loader_path/Frameworks",
				);
				PRODUCT_BUNDLE_IDENTIFIER = com.wwdc.DemoAppUITests;
				PRODUCT_NAME = "$(TARGET_NAME)";
				SWIFT_VERSION = 5.0;
				TARGETED_DEVICE_FAMILY = "1,2";
				TEST_TARGET_NAME = DemoApp;
			};
			name = Release;
		};
/* End XCBuildConfiguration section */

/* Begin XCConfigurationList section */
		0D7865F926DE0CAF000786D2 /* Build configuration list for PBXProject "DemoApp" */ = {
			isa = XCConfigurationList;
			buildConfigurations = (
				0D78662626DE0CB1000786D2 /* Debug */,
				0D78662726DE0CB1000786D2 /* Release */,
			);
			defaultConfigurationIsVisible = 0;
			defaultConfigurationName = Release;
		};
		0D78662826DE0CB1000786D2 /* Build configuration list for PBXNativeTarget "DemoApp" */ = {
			isa = XCConfigurationList;
			buildConfigurations = (
				0D78662926DE0CB1000786D2 /* Debug */,
				0D78662A26DE0CB1000786D2 /* Release */,
			);
			defaultConfigurationIsVisible = 0;
			defaultConfigurationName = Release;
		};
		0D78662B26DE0CB1000786D2 /* Build configuration list for PBXNativeTarget "DemoAppTests" */ = {
			isa = XCConfigurationList;
			buildConfigurations = (
				0D78662C26DE0CB1000786D2 /* Debug */,
				0D78662D26DE0CB1000786D2 /* Release */,
			);
			defaultConfigurationIsVisible = 0;
			defaultConfigurationName = Release;
		};
		0D78662E26DE0CB1000786D2 /* Build configuration list for PBXNativeTarget "DemoAppUITests" */ = {
			isa = XCConfigurationList;
			buildConfigurations = (
				0D78662F26DE0CB1000786D2 /* Debug */,
				0D78663026DE0CB1000786D2 /* Release */,
			);
			defaultConfigurationIsVisible = 0;
			defaultConfigurationName = Release;
		};
/* End XCConfigurationList section */
	};
	rootObject = 0D7865F626DE0CAF000786D2 /* Project object */;
}
